
Microsoft Visual Studio Solution File, Format Version 12.00
# Visual Studio Version 16
VisualStudioVersion = 16.0.29215.179
MinimumVisualStudioVersion = 10.0.40219.1
Project("{FAE04EC0-301F-11D3-BF4B-00C04F79EFBC}") = "TimeManagment", "Testing\TimeManagment.csproj", "{F0BF15F4-5A22-4DDA-84FE-6A3B3536AD22}"
EndProject
Project("{FAE04EC0-301F-11D3-BF4B-00C04F79EFBC}") = "TimeManagment.Data", "TimeManagment.Data\TimeManagment.Data.csproj", "{5DD2AAE5-0834-47A8-9484-16615E78326B}"
EndProject
Global
	GlobalSection(SolutionConfigurationPlatforms) = preSolution
		Debug|Any CPU = Debug|Any CPU
		Release|Any CPU = Release|Any CPU
	EndGlobalSection
	GlobalSection(ProjectConfigurationPlatforms) = postSolution
		{F0BF15F4-5A22-4DDA-84FE-6A3B3536AD22}.Debug|Any CPU.ActiveCfg = Debug|Any CPU
		{F0BF15F4-5A22-4DDA-84FE-6A3B3536AD22}.Debug|Any CPU.Build.0 = Debug|Any CPU
		{F0BF15F4-5A22-4DDA-84FE-6A3B3536AD22}.Release|Any CPU.ActiveCfg = Release|Any CPU
		{F0BF15F4-5A22-4DDA-84FE-6A3B3536AD22}.Release|Any CPU.Build.0 = Release|Any CPU
		{5DD2AAE5-0834-47A8-9484-16615E78326B}.Debug|Any CPU.ActiveCfg = Debug|Any CPU
		{5DD2AAE5-0834-47A8-9484-16615E78326B}.Debug|Any CPU.Build.0 = Debug|Any CPU
		{5DD2AAE5-0834-47A8-9484-16615E78326B}.Release|Any CPU.ActiveCfg = Release|Any CPU
		{5DD2AAE5-0834-47A8-9484-16615E78326B}.Release|Any CPU.Build.0 = Release|Any CPU
	EndGlobalSection
	GlobalSection(SolutionProperties) = preSolution
		HideSolutionNode = FALSE
	EndGlobalSection
	GlobalSection(ExtensibilityGlobals) = postSolution
		SolutionGuid = {16A2C07C-4604-4160-A509-E7BFEB3BB2E2}
	EndGlobalSection
EndGlobal
